
Microsoft Visual Studio Solution File, Format Version 12.00
# Visual Studio Version 16
VisualStudioVersion = 16.0.29911.84
MinimumVisualStudioVersion = 10.0.40219.1
Project("{9A19103F-16F7-4668-BE54-9A1E7A4F7556}") = "BBS", "BBS\BBS.csproj", "{5F39F250-8F53-4ABA-B13B-786E23293312}"
EndProject
Project("{9A19103F-16F7-4668-BE54-9A1E7A4F7556}") = "BBS.UI", "BBS.UI\BBS.UI.csproj", "{4E456894-0D11-4BA9-BE25-3C2B7B142250}"
EndProject
Project("{2150E333-8FDC-42A3-9474-1A3956D46DE8}") = "assets", "assets", "{BDD4F5C2-590A-4BD8-BF22-7E8231B518FB}"
	ProjectSection(SolutionItems) = preProject
		assets\Banner.txt = assets\Banner.txt
		assets\Logout.txt = assets\Logout.txt
	EndProjectSection
EndProject
Project("{FAE04EC0-301F-11D3-BF4B-00C04F79EFBC}") = "BBS.Parser", "BBS.Parser\BBS.Parser.csproj", "{9FE36C8B-DE6F-44BA-B8DA-33B04EAA0562}"
EndProject
Global
	GlobalSection(SolutionConfigurationPlatforms) = preSolution
		Debug|Any CPU = Debug|Any CPU
		Release|Any CPU = Release|Any CPU
	EndGlobalSection
	GlobalSection(ProjectConfigurationPlatforms) = postSolution
		{5F39F250-8F53-4ABA-B13B-786E23293312}.Debug|Any CPU.ActiveCfg = Debug|Any CPU
		{5F39F250-8F53-4ABA-B13B-786E23293312}.Debug|Any CPU.Build.0 = Debug|Any CPU
		{5F39F250-8F53-4ABA-B13B-786E23293312}.Release|Any CPU.ActiveCfg = Release|Any CPU
		{5F39F250-8F53-4ABA-B13B-786E23293312}.Release|Any CPU.Build.0 = Release|Any CPU
		{4E456894-0D11-4BA9-BE25-3C2B7B142250}.Debug|Any CPU.ActiveCfg = Debug|Any CPU
		{4E456894-0D11-4BA9-BE25-3C2B7B142250}.Debug|Any CPU.Build.0 = Debug|Any CPU
		{4E456894-0D11-4BA9-BE25-3C2B7B142250}.Release|Any CPU.ActiveCfg = Release|Any CPU
		{4E456894-0D11-4BA9-BE25-3C2B7B142250}.Release|Any CPU.Build.0 = Release|Any CPU
		{9FE36C8B-DE6F-44BA-B8DA-33B04EAA0562}.Debug|Any CPU.ActiveCfg = Debug|Any CPU
		{9FE36C8B-DE6F-44BA-B8DA-33B04EAA0562}.Debug|Any CPU.Build.0 = Debug|Any CPU
		{9FE36C8B-DE6F-44BA-B8DA-33B04EAA0562}.Release|Any CPU.ActiveCfg = Release|Any CPU
		{9FE36C8B-DE6F-44BA-B8DA-33B04EAA0562}.Release|Any CPU.Build.0 = Release|Any CPU
	EndGlobalSection
	GlobalSection(SolutionProperties) = preSolution
		HideSolutionNode = FALSE
	EndGlobalSection
	GlobalSection(ExtensibilityGlobals) = postSolution
		SolutionGuid = {ECFC60A8-9CB0-4186-A946-6EB0B892AACC}
	EndGlobalSection
EndGlobal
