
Microsoft Visual Studio Solution File, Format Version 12.00
# Visual Studio Version 16
VisualStudioVersion = 16.0.29911.84
MinimumVisualStudioVersion = 10.0.40219.1
Project("{9A19103F-16F7-4668-BE54-9A1E7A4F7556}") = "BBS", "BBS\BBS.csproj", "{5F39F250-8F53-4ABA-B13B-786E23293312}"
EndProject
Project("{9A19103F-16F7-4668-BE54-9A1E7A4F7556}") = "BBS.UI", "BBS.UI\BBS.UI.csproj", "{4E456894-0D11-4BA9-BE25-3C2B7B142250}"
EndProject
Project("{2150E333-8FDC-42A3-9474-1A3956D46DE8}") = "assets", "assets", "{BDD4F5C2-590A-4BD8-BF22-7E8231B518FB}"
	ProjectSection(SolutionItems) = preProject
		assets\Banner.txt = assets\Banner.txt
		assets\ChangePassword.txt = assets\ChangePassword.txt
		assets\Connected.txt = assets\Connected.txt
		assets\Disclaimer.txt = assets\Disclaimer.txt
		assets\GuestAccess.txt = assets\GuestAccess.txt
		assets\Joined.txt = assets\Joined.txt
		assets\LoggedIn.txt = assets\LoggedIn.txt
		assets\Login.txt = assets\Login.txt
		assets\logo.ansi.txt = assets\logo.ansi.txt
		assets\Logout.txt = assets\Logout.txt
		assets\NewUser.txt = assets\NewUser.txt
	EndProjectSection
EndProject
Project("{9A19103F-16F7-4668-BE54-9A1E7A4F7556}") = "BBS.Parser", "BBS.Parser\BBS.Parser.csproj", "{9FE36C8B-DE6F-44BA-B8DA-33B04EAA0562}"
EndProject
Project("{9A19103F-16F7-4668-BE54-9A1E7A4F7556}") = "TCPServer", "TCPServer\TCPServer.csproj", "{74DCAA87-79CE-48C8-953D-5A0847FAED7A}"
EndProject
Project("{9A19103F-16F7-4668-BE54-9A1E7A4F7556}") = "DataTier", "DataTier\DataTier.csproj", "{E4981F9F-44CC-4D48-ACB4-F9970BD28F81}"
EndProject
Project("{9A19103F-16F7-4668-BE54-9A1E7A4F7556}") = "BBS.Logger", "BBS.Logger\BBS.Logger.csproj", "{BDBE4584-2A8A-4DA2-9A5C-BE91C21C69BE}"
EndProject
Project("{9A19103F-16F7-4668-BE54-9A1E7A4F7556}") = "BBS.Interfaces", "BBS.Interfaces\BBS.Interfaces.csproj", "{DE63FD88-5318-4EE8-AC05-64AD705AD2E8}"
EndProject
Project("{2150E333-8FDC-42A3-9474-1A3956D46DE8}") = "docs", "docs", "{4791A72C-C34B-4616-9381-765DB64A605B}"
	ProjectSection(SolutionItems) = preProject
		docs\index.md = docs\index.md
	EndProjectSection
EndProject
Project("{2150E333-8FDC-42A3-9474-1A3956D46DE8}") = "Solution Items", "Solution Items", "{559F89ED-2E1F-4DF3-9699-DDD5396A7C41}"
	ProjectSection(SolutionItems) = preProject
		cover.jpg = cover.jpg
		package.png = package.png
		README.md = README.md
		terminal.ico = terminal.ico
	EndProjectSection
EndProject
Project("{9A19103F-16F7-4668-BE54-9A1E7A4F7556}") = "Daemon", "Daemon\Daemon.csproj", "{5C26818A-7B8F-4AD6-8084-C3DD86735EA5}"
EndProject
Global
	GlobalSection(SolutionConfigurationPlatforms) = preSolution
		Debug|Any CPU = Debug|Any CPU
		Release|Any CPU = Release|Any CPU
	EndGlobalSection
	GlobalSection(ProjectConfigurationPlatforms) = postSolution
		{5F39F250-8F53-4ABA-B13B-786E23293312}.Debug|Any CPU.ActiveCfg = Debug|Any CPU
		{5F39F250-8F53-4ABA-B13B-786E23293312}.Debug|Any CPU.Build.0 = Debug|Any CPU
		{5F39F250-8F53-4ABA-B13B-786E23293312}.Release|Any CPU.ActiveCfg = Release|Any CPU
		{5F39F250-8F53-4ABA-B13B-786E23293312}.Release|Any CPU.Build.0 = Release|Any CPU
		{4E456894-0D11-4BA9-BE25-3C2B7B142250}.Debug|Any CPU.ActiveCfg = Debug|Any CPU
		{4E456894-0D11-4BA9-BE25-3C2B7B142250}.Debug|Any CPU.Build.0 = Debug|Any CPU
		{4E456894-0D11-4BA9-BE25-3C2B7B142250}.Release|Any CPU.ActiveCfg = Release|Any CPU
		{4E456894-0D11-4BA9-BE25-3C2B7B142250}.Release|Any CPU.Build.0 = Release|Any CPU
		{9FE36C8B-DE6F-44BA-B8DA-33B04EAA0562}.Debug|Any CPU.ActiveCfg = Debug|Any CPU
		{9FE36C8B-DE6F-44BA-B8DA-33B04EAA0562}.Debug|Any CPU.Build.0 = Debug|Any CPU
		{9FE36C8B-DE6F-44BA-B8DA-33B04EAA0562}.Release|Any CPU.ActiveCfg = Release|Any CPU
		{9FE36C8B-DE6F-44BA-B8DA-33B04EAA0562}.Release|Any CPU.Build.0 = Release|Any CPU
		{74DCAA87-79CE-48C8-953D-5A0847FAED7A}.Debug|Any CPU.ActiveCfg = Debug|Any CPU
		{74DCAA87-79CE-48C8-953D-5A0847FAED7A}.Debug|Any CPU.Build.0 = Debug|Any CPU
		{74DCAA87-79CE-48C8-953D-5A0847FAED7A}.Release|Any CPU.ActiveCfg = Release|Any CPU
		{74DCAA87-79CE-48C8-953D-5A0847FAED7A}.Release|Any CPU.Build.0 = Release|Any CPU
		{E4981F9F-44CC-4D48-ACB4-F9970BD28F81}.Debug|Any CPU.ActiveCfg = Debug|Any CPU
		{E4981F9F-44CC-4D48-ACB4-F9970BD28F81}.Debug|Any CPU.Build.0 = Debug|Any CPU
		{E4981F9F-44CC-4D48-ACB4-F9970BD28F81}.Release|Any CPU.ActiveCfg = Release|Any CPU
		{E4981F9F-44CC-4D48-ACB4-F9970BD28F81}.Release|Any CPU.Build.0 = Release|Any CPU
		{BDBE4584-2A8A-4DA2-9A5C-BE91C21C69BE}.Debug|Any CPU.ActiveCfg = Debug|Any CPU
		{BDBE4584-2A8A-4DA2-9A5C-BE91C21C69BE}.Debug|Any CPU.Build.0 = Debug|Any CPU
		{BDBE4584-2A8A-4DA2-9A5C-BE91C21C69BE}.Release|Any CPU.ActiveCfg = Release|Any CPU
		{BDBE4584-2A8A-4DA2-9A5C-BE91C21C69BE}.Release|Any CPU.Build.0 = Release|Any CPU
		{DE63FD88-5318-4EE8-AC05-64AD705AD2E8}.Debug|Any CPU.ActiveCfg = Debug|Any CPU
		{DE63FD88-5318-4EE8-AC05-64AD705AD2E8}.Debug|Any CPU.Build.0 = Debug|Any CPU
		{DE63FD88-5318-4EE8-AC05-64AD705AD2E8}.Release|Any CPU.ActiveCfg = Release|Any CPU
		{DE63FD88-5318-4EE8-AC05-64AD705AD2E8}.Release|Any CPU.Build.0 = Release|Any CPU
		{5C26818A-7B8F-4AD6-8084-C3DD86735EA5}.Debug|Any CPU.ActiveCfg = Debug|Any CPU
		{5C26818A-7B8F-4AD6-8084-C3DD86735EA5}.Debug|Any CPU.Build.0 = Debug|Any CPU
		{5C26818A-7B8F-4AD6-8084-C3DD86735EA5}.Release|Any CPU.ActiveCfg = Release|Any CPU
		{5C26818A-7B8F-4AD6-8084-C3DD86735EA5}.Release|Any CPU.Build.0 = Release|Any CPU
	EndGlobalSection
	GlobalSection(SolutionProperties) = preSolution
		HideSolutionNode = FALSE
	EndGlobalSection
	GlobalSection(ExtensibilityGlobals) = postSolution
		SolutionGuid = {ECFC60A8-9CB0-4186-A946-6EB0B892AACC}
	EndGlobalSection
EndGlobal
